// !$*UTF8*$!
{
	archiveVersion = 1;
	classes = {
	};
	objectVersion = 56;
	objects = {

/* Begin PBXBuildFile section */
		A10001001 /* AhPushItApp.swift in Sources */ = {isa = PBXBuildFile; fileRef = A10002001 /* AhPushItApp.swift */; };
		A10001002 /* AppState.swift in Sources */ = {isa = PBXBuildFile; fileRef = A10002002 /* AppState.swift */; };
		A10001003 /* NotificationPoller.swift in Sources */ = {isa = PBXBuildFile; fileRef = A10002003 /* NotificationPoller.swift */; };
		A10001004 /* NotificationRecord.swift in Sources */ = {isa = PBXBuildFile; fileRef = A10002004 /* NotificationRecord.swift */; };
		A10001005 /* PlistParser.swift in Sources */ = {isa = PBXBuildFile; fileRef = A10002005 /* PlistParser.swift */; };
		A10001006 /* BundleNameResolver.swift in Sources */ = {isa = PBXBuildFile; fileRef = A10002006 /* BundleNameResolver.swift */; };
		A10001007 /* SQLiteDatabase.swift in Sources */ = {isa = PBXBuildFile; fileRef = A10002007 /* SQLiteDatabase.swift */; };
		A10001008 /* NotificationServiceProtocol.swift in Sources */ = {isa = PBXBuildFile; fileRef = A10002008 /* NotificationServiceProtocol.swift */; };
		A10001009 /* NtfyService.swift in Sources */ = {isa = PBXBuildFile; fileRef = A10002009 /* NtfyService.swift */; };
		A10001010 /* TemplateEngine.swift in Sources */ = {isa = PBXBuildFile; fileRef = A10002010 /* TemplateEngine.swift */; };
		A10001011 /* SettingsView.swift in Sources */ = {isa = PBXBuildFile; fileRef = A10002011 /* SettingsView.swift */; };
		A10001012 /* TimeWindowsView.swift in Sources */ = {isa = PBXBuildFile; fileRef = A10002012 /* TimeWindowsView.swift */; };
		A10001013 /* FiltersView.swift in Sources */ = {isa = PBXBuildFile; fileRef = A10002013 /* FiltersView.swift */; };
		A10001014 /* ServicesView.swift in Sources */ = {isa = PBXBuildFile; fileRef = A10002014 /* ServicesView.swift */; };
		A10001015 /* ServiceEditorView.swift in Sources */ = {isa = PBXBuildFile; fileRef = A10002015 /* ServiceEditorView.swift */; };
		A10001016 /* AppNotification.swift in Sources */ = {isa = PBXBuildFile; fileRef = A10002016 /* AppNotification.swift */; };
		A10001017 /* TimeWindow.swift in Sources */ = {isa = PBXBuildFile; fileRef = A10002017 /* TimeWindow.swift */; };
		A10001018 /* FilterRule.swift in Sources */ = {isa = PBXBuildFile; fileRef = A10002018 /* FilterRule.swift */; };
		A10001019 /* AppSettings.swift in Sources */ = {isa = PBXBuildFile; fileRef = A10002019 /* AppSettings.swift */; };
		A10001020 /* Assets.xcassets in Resources */ = {isa = PBXBuildFile; fileRef = A10002020 /* Assets.xcassets */; };
		A10001021 /* libsqlite3.tbd in Frameworks */ = {isa = PBXBuildFile; fileRef = A10002021 /* libsqlite3.tbd */; };
		A10001022 /* ParameterDefinition.swift in Sources */ = {isa = PBXBuildFile; fileRef = A10002023 /* ParameterDefinition.swift */; };
		A10001023 /* N8nService.swift in Sources */ = {isa = PBXBuildFile; fileRef = A10002024 /* N8nService.swift */; };
		A10001024 /* PushoverService.swift in Sources */ = {isa = PBXBuildFile; fileRef = A10002025 /* PushoverService.swift */; };
		A10001025 /* JSONHTTPService.swift in Sources */ = {isa = PBXBuildFile; fileRef = A10002026 /* JSONHTTPService.swift */; };
		A10001026 /* CSVFileService.swift in Sources */ = {isa = PBXBuildFile; fileRef = A10002027 /* CSVFileService.swift */; };
		A10001027 /* SlackService.swift in Sources */ = {isa = PBXBuildFile; fileRef = A10002028 /* SlackService.swift */; };
		A10001028 /* DiscordService.swift in Sources */ = {isa = PBXBuildFile; fileRef = A10002029 /* DiscordService.swift */; };
		A10001029 /* TelegramService.swift in Sources */ = {isa = PBXBuildFile; fileRef = A10002030 /* TelegramService.swift */; };
		A10001030 /* MattermostService.swift in Sources */ = {isa = PBXBuildFile; fileRef = A10002031 /* MattermostService.swift */; };
		A10001031 /* AboutView.swift in Sources */ = {isa = PBXBuildFile; fileRef = A10002032 /* AboutView.swift */; };
		A10001032 /* IdleManager.swift in Sources */ = {isa = PBXBuildFile; fileRef = A10002033 /* IdleManager.swift */; };
		A10001033 /* IMessageService.swift in Sources */ = {isa = PBXBuildFile; fileRef = A10002034 /* IMessageService.swift */; };
		A10001034 /* HomeAssistantService.swift in Sources */ = {isa = PBXBuildFile; fileRef = A10002035 /* HomeAssistantService.swift */; };
		A10001035 /* MQTTService.swift in Sources */ = {isa = PBXBuildFile; fileRef = A10002036 /* MQTTService.swift */; };
/* End PBXBuildFile section */

/* Begin PBXFileReference section */
		A10002001 /* AhPushItApp.swift */ = {isa = PBXFileReference; lastKnownFileType = sourcecode.swift; path = AhPushItApp.swift; sourceTree = "<group>"; };
		A10002002 /* AppState.swift */ = {isa = PBXFileReference; lastKnownFileType = sourcecode.swift; path = AppState.swift; sourceTree = "<group>"; };
		A10002003 /* NotificationPoller.swift */ = {isa = PBXFileReference; lastKnownFileType = sourcecode.swift; path = NotificationPoller.swift; sourceTree = "<group>"; };
		A10002004 /* NotificationRecord.swift */ = {isa = PBXFileReference; lastKnownFileType = sourcecode.swift; path = NotificationRecord.swift; sourceTree = "<group>"; };
		A10002005 /* PlistParser.swift */ = {isa = PBXFileReference; lastKnownFileType = sourcecode.swift; path = PlistParser.swift; sourceTree = "<group>"; };
		A10002006 /* BundleNameResolver.swift */ = {isa = PBXFileReference; lastKnownFileType = sourcecode.swift; path = BundleNameResolver.swift; sourceTree = "<group>"; };
		A10002007 /* SQLiteDatabase.swift */ = {isa = PBXFileReference; lastKnownFileType = sourcecode.swift; path = SQLiteDatabase.swift; sourceTree = "<group>"; };
		A10002008 /* NotificationServiceProtocol.swift */ = {isa = PBXFileReference; lastKnownFileType = sourcecode.swift; path = NotificationServiceProtocol.swift; sourceTree = "<group>"; };
		A10002009 /* NtfyService.swift */ = {isa = PBXFileReference; lastKnownFileType = sourcecode.swift; path = NtfyService.swift; sourceTree = "<group>"; };
		A10002010 /* TemplateEngine.swift */ = {isa = PBXFileReference; lastKnownFileType = sourcecode.swift; path = TemplateEngine.swift; sourceTree = "<group>"; };
		A10002011 /* SettingsView.swift */ = {isa = PBXFileReference; lastKnownFileType = sourcecode.swift; path = SettingsView.swift; sourceTree = "<group>"; };
		A10002012 /* TimeWindowsView.swift */ = {isa = PBXFileReference; lastKnownFileType = sourcecode.swift; path = TimeWindowsView.swift; sourceTree = "<group>"; };
		A10002013 /* FiltersView.swift */ = {isa = PBXFileReference; lastKnownFileType = sourcecode.swift; path = FiltersView.swift; sourceTree = "<group>"; };
		A10002014 /* ServicesView.swift */ = {isa = PBXFileReference; lastKnownFileType = sourcecode.swift; path = ServicesView.swift; sourceTree = "<group>"; };
		A10002015 /* ServiceEditorView.swift */ = {isa = PBXFileReference; lastKnownFileType = sourcecode.swift; path = ServiceEditorView.swift; sourceTree = "<group>"; };
		A10002016 /* AppNotification.swift */ = {isa = PBXFileReference; lastKnownFileType = sourcecode.swift; path = AppNotification.swift; sourceTree = "<group>"; };
		A10002017 /* TimeWindow.swift */ = {isa = PBXFileReference; lastKnownFileType = sourcecode.swift; path = TimeWindow.swift; sourceTree = "<group>"; };
		A10002018 /* FilterRule.swift */ = {isa = PBXFileReference; lastKnownFileType = sourcecode.swift; path = FilterRule.swift; sourceTree = "<group>"; };
		A10002019 /* AppSettings.swift */ = {isa = PBXFileReference; lastKnownFileType = sourcecode.swift; path = AppSettings.swift; sourceTree = "<group>"; };
		A10002020 /* Assets.xcassets */ = {isa = PBXFileReference; lastKnownFileType = folder.assetcatalog; path = Assets.xcassets; sourceTree = "<group>"; };
		A10002021 /* libsqlite3.tbd */ = {isa = PBXFileReference; lastKnownFileType = "sourcecode.text-based-dylib-definition"; name = libsqlite3.tbd; path = usr/lib/libsqlite3.tbd; sourceTree = SDKROOT; };
		A10002022 /* AhPushIt.entitlements */ = {isa = PBXFileReference; lastKnownFileType = text.plist.entitlements; path = AhPushIt.entitlements; sourceTree = "<group>"; };
		A10002023 /* ParameterDefinition.swift */ = {isa = PBXFileReference; lastKnownFileType = sourcecode.swift; path = ParameterDefinition.swift; sourceTree = "<group>"; };
		A10002024 /* N8nService.swift */ = {isa = PBXFileReference; lastKnownFileType = sourcecode.swift; path = N8nService.swift; sourceTree = "<group>"; };
		A10002025 /* PushoverService.swift */ = {isa = PBXFileReference; lastKnownFileType = sourcecode.swift; path = PushoverService.swift; sourceTree = "<group>"; };
		A10002026 /* JSONHTTPService.swift */ = {isa = PBXFileReference; lastKnownFileType = sourcecode.swift; path = JSONHTTPService.swift; sourceTree = "<group>"; };
		A10002027 /* CSVFileService.swift */ = {isa = PBXFileReference; lastKnownFileType = sourcecode.swift; path = CSVFileService.swift; sourceTree = "<group>"; };
		A10002028 /* SlackService.swift */ = {isa = PBXFileReference; lastKnownFileType = sourcecode.swift; path = SlackService.swift; sourceTree = "<group>"; };
		A10002029 /* DiscordService.swift */ = {isa = PBXFileReference; lastKnownFileType = sourcecode.swift; path = DiscordService.swift; sourceTree = "<group>"; };
		A10002030 /* TelegramService.swift */ = {isa = PBXFileReference; lastKnownFileType = sourcecode.swift; path = TelegramService.swift; sourceTree = "<group>"; };
		A10002031 /* MattermostService.swift */ = {isa = PBXFileReference; lastKnownFileType = sourcecode.swift; path = MattermostService.swift; sourceTree = "<group>"; };
		A10002032 /* AboutView.swift */ = {isa = PBXFileReference; lastKnownFileType = sourcecode.swift; path = AboutView.swift; sourceTree = "<group>"; };
		A10002033 /* IdleManager.swift */ = {isa = PBXFileReference; lastKnownFileType = sourcecode.swift; path = IdleManager.swift; sourceTree = "<group>"; };
		A10002034 /* IMessageService.swift */ = {isa = PBXFileReference; lastKnownFileType = sourcecode.swift; path = IMessageService.swift; sourceTree = "<group>"; };
		A10002035 /* HomeAssistantService.swift */ = {isa = PBXFileReference; lastKnownFileType = sourcecode.swift; path = HomeAssistantService.swift; sourceTree = "<group>"; };
		A10002036 /* MQTTService.swift */ = {isa = PBXFileReference; lastKnownFileType = sourcecode.swift; path = MQTTService.swift; sourceTree = "<group>"; };
		A10003000 /* AhPushIt.app */ = {isa = PBXFileReference; explicitFileType = wrapper.application; includeInIndex = 0; path = AhPushIt.app; sourceTree = BUILT_PRODUCTS_DIR; };
/* End PBXFileReference section */

/* Begin PBXFrameworksBuildPhase section */
		A10004001 /* Frameworks */ = {
			isa = PBXFrameworksBuildPhase;
			buildActionMask = 2147483647;
			files = (
				A10001021 /* libsqlite3.tbd in Frameworks */,
			);
			runOnlyForDeploymentPostprocessing = 0;
		};
/* End PBXFrameworksBuildPhase section */

/* Begin PBXGroup section */
		A10005000 = {
			isa = PBXGroup;
			children = (
				A10005001 /* AhPushIt */,
				A10005009 /* Frameworks */,
				A10005010 /* Products */,
			);
			sourceTree = "<group>";
		};
		A10005001 /* AhPushIt */ = {
			isa = PBXGroup;
			children = (
				A10005002 /* App */,
				A10005003 /* Polling */,
				A10005004 /* Services */,
				A10005005 /* Settings */,
				A10005006 /* Models */,
				A10005007 /* Resources */,
			);
			name = AhPushIt;
			sourceTree = "<group>";
		};
		A10005002 /* App */ = {
			isa = PBXGroup;
			children = (
				A10002001 /* AhPushItApp.swift */,
				A10002002 /* AppState.swift */,
			);
			path = App;
			sourceTree = "<group>";
		};
		A10005003 /* Polling */ = {
			isa = PBXGroup;
			children = (
				A10002003 /* NotificationPoller.swift */,
				A10002004 /* NotificationRecord.swift */,
				A10002005 /* PlistParser.swift */,
				A10002006 /* BundleNameResolver.swift */,
				A10002007 /* SQLiteDatabase.swift */,
				A10002033 /* IdleManager.swift */,
			);
			path = Polling;
			sourceTree = "<group>";
		};
		A10005004 /* Services */ = {
			isa = PBXGroup;
			children = (
				A10002008 /* NotificationServiceProtocol.swift */,
				A10002009 /* NtfyService.swift */,
				A10002024 /* N8nService.swift */,
				A10002025 /* PushoverService.swift */,
				A10002026 /* JSONHTTPService.swift */,
				A10002027 /* CSVFileService.swift */,
				A10002028 /* SlackService.swift */,
				A10002029 /* DiscordService.swift */,
				A10002030 /* TelegramService.swift */,
				A10002031 /* MattermostService.swift */,
				A10002034 /* IMessageService.swift */,
				A10002035 /* HomeAssistantService.swift */,
				A10002036 /* MQTTService.swift */,
				A10002010 /* TemplateEngine.swift */,
			);
			path = Services;
			sourceTree = "<group>";
		};
		A10005005 /* Settings */ = {
			isa = PBXGroup;
			children = (
				A10002011 /* SettingsView.swift */,
				A10002012 /* TimeWindowsView.swift */,
				A10002013 /* FiltersView.swift */,
				A10002014 /* ServicesView.swift */,
				A10002015 /* ServiceEditorView.swift */,
				A10002032 /* AboutView.swift */,
			);
			path = Settings;
			sourceTree = "<group>";
		};
		A10005006 /* Models */ = {
			isa = PBXGroup;
			children = (
				A10002016 /* AppNotification.swift */,
				A10002017 /* TimeWindow.swift */,
				A10002018 /* FilterRule.swift */,
				A10002019 /* AppSettings.swift */,
				A10002023 /* ParameterDefinition.swift */,
			);
			path = Models;
			sourceTree = "<group>";
		};
		A10005007 /* Resources */ = {
			isa = PBXGroup;
			children = (
				A10002020 /* Assets.xcassets */,
				A10002022 /* AhPushIt.entitlements */,
			);
			path = Resources;
			sourceTree = "<group>";
		};
		A10005009 /* Frameworks */ = {
			isa = PBXGroup;
			children = (
				A10002021 /* libsqlite3.tbd */,
			);
			name = Frameworks;
			sourceTree = "<group>";
		};
		A10005010 /* Products */ = {
			isa = PBXGroup;
			children = (
				A10003000 /* AhPushIt.app */,
			);
			name = Products;
			sourceTree = "<group>";
		};
/* End PBXGroup section */

/* Begin PBXNativeTarget section */
		A10006001 /* AhPushIt */ = {
			isa = PBXNativeTarget;
			buildConfigurationList = A10008001 /* Build configuration list for PBXNativeTarget "AhPushIt" */;
			buildPhases = (
				A10007001 /* Sources */,
				A10004001 /* Frameworks */,
				A10007002 /* Resources */,
			);
			buildRules = (
			);
			dependencies = (
			);
			name = AhPushIt;
			productName = AhPushIt;
			productReference = A10003000 /* AhPushIt.app */;
			productType = "com.apple.product-type.application";
		};
/* End PBXNativeTarget section */

/* Begin PBXProject section */
		A10009001 /* Project object */ = {
			isa = PBXProject;
			attributes = {
				BuildIndependentTargetsInParallel = 1;
				LastSwiftUpdateCheck = 1500;
				LastUpgradeCheck = 1500;
				TargetAttributes = {
					A10006001 = {
						CreatedOnToolsVersion = 15.0;
					};
				};
			};
			buildConfigurationList = A10008003 /* Build configuration list for PBXProject "AhPushIt" */;
			compatibilityVersion = "Xcode 14.0";
			developmentRegion = en;
			hasScannedForEncodings = 0;
			knownRegions = (
				en,
				Base,
			);
			mainGroup = A10005000;
			productRefGroup = A10005010 /* Products */;
			projectDirPath = "";
			projectRoot = "";
			targets = (
				A10006001 /* AhPushIt */,
			);
		};
/* End PBXProject section */

/* Begin PBXResourcesBuildPhase section */
		A10007002 /* Resources */ = {
			isa = PBXResourcesBuildPhase;
			buildActionMask = 2147483647;
			files = (
				A10001020 /* Assets.xcassets in Resources */,
			);
			runOnlyForDeploymentPostprocessing = 0;
		};
/* End PBXResourcesBuildPhase section */

/* Begin PBXSourcesBuildPhase section */
		A10007001 /* Sources */ = {
			isa = PBXSourcesBuildPhase;
			buildActionMask = 2147483647;
			files = (
				A10001001 /* AhPushItApp.swift in Sources */,
				A10001002 /* AppState.swift in Sources */,
				A10001003 /* NotificationPoller.swift in Sources */,
				A10001004 /* NotificationRecord.swift in Sources */,
				A10001005 /* PlistParser.swift in Sources */,
				A10001006 /* BundleNameResolver.swift in Sources */,
				A10001007 /* SQLiteDatabase.swift in Sources */,
				A10001008 /* NotificationServiceProtocol.swift in Sources */,
				A10001009 /* NtfyService.swift in Sources */,
				A10001010 /* TemplateEngine.swift in Sources */,
				A10001011 /* SettingsView.swift in Sources */,
				A10001012 /* TimeWindowsView.swift in Sources */,
				A10001013 /* FiltersView.swift in Sources */,
				A10001014 /* ServicesView.swift in Sources */,
				A10001015 /* ServiceEditorView.swift in Sources */,
				A10001016 /* AppNotification.swift in Sources */,
				A10001017 /* TimeWindow.swift in Sources */,
				A10001018 /* FilterRule.swift in Sources */,
				A10001019 /* AppSettings.swift in Sources */,
				A10001022 /* ParameterDefinition.swift in Sources */,
				A10001023 /* N8nService.swift in Sources */,
				A10001024 /* PushoverService.swift in Sources */,
				A10001025 /* JSONHTTPService.swift in Sources */,
				A10001026 /* CSVFileService.swift in Sources */,
				A10001027 /* SlackService.swift in Sources */,
				A10001028 /* DiscordService.swift in Sources */,
				A10001029 /* TelegramService.swift in Sources */,
				A10001030 /* MattermostService.swift in Sources */,
				A10001031 /* AboutView.swift in Sources */,
				A10001032 /* IdleManager.swift in Sources */,
				A10001033 /* IMessageService.swift in Sources */,
				A10001034 /* HomeAssistantService.swift in Sources */,
				A10001035 /* MQTTService.swift in Sources */,
			);
			runOnlyForDeploymentPostprocessing = 0;
		};
/* End PBXSourcesBuildPhase section */

/* Begin XCBuildConfiguration section */
		A10010001 /* Debug */ = {
			isa = XCBuildConfiguration;
			buildSettings = {
				ALWAYS_SEARCH_USER_PATHS = NO;
				ASSETCATALOG_COMPILER_GENERATE_SWIFT_ASSET_SYMBOL_EXTENSIONS = YES;
				CLANG_ANALYZER_NONNULL = YES;
				CLANG_ANALYZER_NUMBER_OBJECT_CONVERSION = YES_AGGRESSIVE;
				CLANG_CXX_LANGUAGE_STANDARD = "gnu++20";
				CLANG_ENABLE_MODULES = YES;
				CLANG_ENABLE_OBJC_ARC = YES;
				CLANG_ENABLE_OBJC_WEAK = YES;
				CLANG_WARN_BLOCK_CAPTURE_AUTORELEASING = YES;
				CLANG_WARN_BOOL_CONVERSION = YES;
				CLANG_WARN_COMMA = YES;
				CLANG_WARN_CONSTANT_CONVERSION = YES;
				CLANG_WARN_DEPRECATED_OBJC_IMPLEMENTATIONS = YES;
				CLANG_WARN_DIRECT_OBJC_ISA_USAGE = YES_ERROR;
				CLANG_WARN_DOCUMENTATION_COMMENTS = YES;
				CLANG_WARN_EMPTY_BODY = YES;
				CLANG_WARN_ENUM_CONVERSION = YES;
				CLANG_WARN_INFINITE_RECURSION = YES;
				CLANG_WARN_INT_CONVERSION = YES;
				CLANG_WARN_NON_LITERAL_NULL_CONVERSION = YES;
				CLANG_WARN_OBJC_IMPLICIT_RETAIN_SELF = YES;
				CLANG_WARN_OBJC_LITERAL_CONVERSION = YES;
				CLANG_WARN_OBJC_ROOT_CLASS = YES_ERROR;
				CLANG_WARN_QUOTED_INCLUDE_IN_FRAMEWORK_HEADER = YES;
				CLANG_WARN_RANGE_LOOP_ANALYSIS = YES;
				CLANG_WARN_STRICT_PROTOTYPES = YES;
				CLANG_WARN_SUSPICIOUS_MOVE = YES;
				CLANG_WARN_UNGUARDED_AVAILABILITY = YES_AGGRESSIVE;
				CLANG_WARN_UNREACHABLE_CODE = YES;
				CLANG_WARN__DUPLICATE_METHOD_MATCH = YES;
				COPY_PHASE_STRIP = NO;
				DEBUG_INFORMATION_FORMAT = dwarf;
				ENABLE_STRICT_OBJC_MSGSEND = YES;
				ENABLE_TESTABILITY = YES;
				ENABLE_USER_SCRIPT_SANDBOXING = YES;
				GCC_C_LANGUAGE_STANDARD = gnu17;
				GCC_DYNAMIC_NO_PIC = NO;
				GCC_NO_COMMON_BLOCKS = YES;
				GCC_OPTIMIZATION_LEVEL = 0;
				GCC_PREPROCESSOR_DEFINITIONS = (
					"DEBUG=1",
					"$(inherited)",
				);
				GCC_WARN_64_TO_32_BIT_CONVERSION = YES;
				GCC_WARN_ABOUT_RETURN_TYPE = YES_ERROR;
				GCC_WARN_UNDECLARED_SELECTOR = YES;
				GCC_WARN_UNINITIALIZED_AUTOS = YES_AGGRESSIVE;
				GCC_WARN_UNUSED_FUNCTION = YES;
				GCC_WARN_UNUSED_VARIABLE = YES;
				MACOSX_DEPLOYMENT_TARGET = 14.0;
				MTL_ENABLE_DEBUG_INFO = INCLUDE_SOURCE;
				MTL_FAST_MATH = YES;
				ONLY_ACTIVE_ARCH = YES;
				SDKROOT = macosx;
				SWIFT_ACTIVE_COMPILATION_CONDITIONS = "DEBUG $(inherited)";
				SWIFT_OPTIMIZATION_LEVEL = "-Onone";
			};
			name = Debug;
		};
		A10010002 /* Release */ = {
			isa = XCBuildConfiguration;
			buildSettings = {
				ALWAYS_SEARCH_USER_PATHS = NO;
				ASSETCATALOG_COMPILER_GENERATE_SWIFT_ASSET_SYMBOL_EXTENSIONS = YES;
				CLANG_ANALYZER_NONNULL = YES;
				CLANG_ANALYZER_NUMBER_OBJECT_CONVERSION = YES_AGGRESSIVE;
				CLANG_CXX_LANGUAGE_STANDARD = "gnu++20";
				CLANG_ENABLE_MODULES = YES;
				CLANG_ENABLE_OBJC_ARC = YES;
				CLANG_ENABLE_OBJC_WEAK = YES;
				CLANG_WARN_BLOCK_CAPTURE_AUTORELEASING = YES;
				CLANG_WARN_BOOL_CONVERSION = YES;
				CLANG_WARN_COMMA = YES;
				CLANG_WARN_CONSTANT_CONVERSION = YES;
				CLANG_WARN_DEPRECATED_OBJC_IMPLEMENTATIONS = YES;
				CLANG_WARN_DIRECT_OBJC_ISA_USAGE = YES_ERROR;
				CLANG_WARN_DOCUMENTATION_COMMENTS = YES;
				CLANG_WARN_EMPTY_BODY = YES;
				CLANG_WARN_ENUM_CONVERSION = YES;
				CLANG_WARN_INFINITE_RECURSION = YES;
				CLANG_WARN_INT_CONVERSION = YES;
				CLANG_WARN_NON_LITERAL_NULL_CONVERSION = YES;
				CLANG_WARN_OBJC_IMPLICIT_RETAIN_SELF = YES;
				CLANG_WARN_OBJC_LITERAL_CONVERSION = YES;
				CLANG_WARN_OBJC_ROOT_CLASS = YES_ERROR;
				CLANG_WARN_QUOTED_INCLUDE_IN_FRAMEWORK_HEADER = YES;
				CLANG_WARN_RANGE_LOOP_ANALYSIS = YES;
				CLANG_WARN_STRICT_PROTOTYPES = YES;
				CLANG_WARN_SUSPICIOUS_MOVE = YES;
				CLANG_WARN_UNGUARDED_AVAILABILITY = YES_AGGRESSIVE;
				CLANG_WARN_UNREACHABLE_CODE = YES;
				CLANG_WARN__DUPLICATE_METHOD_MATCH = YES;
				COPY_PHASE_STRIP = NO;
				DEBUG_INFORMATION_FORMAT = "dwarf-with-dsym";
				ENABLE_NS_ASSERTIONS = NO;
				ENABLE_STRICT_OBJC_MSGSEND = YES;
				ENABLE_USER_SCRIPT_SANDBOXING = YES;
				GCC_C_LANGUAGE_STANDARD = gnu17;
				GCC_NO_COMMON_BLOCKS = YES;
				GCC_WARN_64_TO_32_BIT_CONVERSION = YES;
				GCC_WARN_ABOUT_RETURN_TYPE = YES_ERROR;
				GCC_WARN_UNDECLARED_SELECTOR = YES;
				GCC_WARN_UNINITIALIZED_AUTOS = YES_AGGRESSIVE;
				GCC_WARN_UNUSED_FUNCTION = YES;
				GCC_WARN_UNUSED_VARIABLE = YES;
				MACOSX_DEPLOYMENT_TARGET = 14.0;
				MTL_ENABLE_DEBUG_INFO = NO;
				MTL_FAST_MATH = YES;
				SDKROOT = macosx;
				SWIFT_COMPILATION_MODE = wholemodule;
			};
			name = Release;
		};
		A10010003 /* Debug */ = {
			isa = XCBuildConfiguration;
			buildSettings = {
				ASSETCATALOG_COMPILER_APPICON_NAME = AppIcon;
				ASSETCATALOG_COMPILER_GLOBAL_ACCENT_COLOR_NAME = AccentColor;
				CODE_SIGN_ENTITLEMENTS = Resources/AhPushIt.entitlements;
				CODE_SIGN_STYLE = Automatic;
				COMBINE_HIDPI_IMAGES = YES;
				CURRENT_PROJECT_VERSION = 1;
				DEVELOPMENT_TEAM = 77PA95K95V;
				ENABLE_HARDENED_RUNTIME = YES;
				GENERATE_INFOPLIST_FILE = YES;
				INFOPLIST_KEY_CFBundleDisplayName = "Ah, push it";
				INFOPLIST_KEY_LSApplicationCategoryType = "public.app-category.utilities";
				INFOPLIST_KEY_LSUIElement = YES;
				INFOPLIST_KEY_NSHumanReadableCopyright = "";
				MARKETING_VERSION = 1.0;
				PRODUCT_BUNDLE_IDENTIFIER = com.jordiboehme.AhPushIt;
				PRODUCT_NAME = "$(TARGET_NAME)";
				SWIFT_EMIT_LOC_STRINGS = YES;
				SWIFT_VERSION = 5.0;
			};
			name = Debug;
		};
		A10010004 /* Release */ = {
			isa = XCBuildConfiguration;
			buildSettings = {
				ASSETCATALOG_COMPILER_APPICON_NAME = AppIcon;
				ASSETCATALOG_COMPILER_GLOBAL_ACCENT_COLOR_NAME = AccentColor;
				CODE_SIGN_ENTITLEMENTS = Resources/AhPushIt.entitlements;
				CODE_SIGN_STYLE = Automatic;
				COMBINE_HIDPI_IMAGES = YES;
				CURRENT_PROJECT_VERSION = 1;
				DEVELOPMENT_TEAM = 77PA95K95V;
				ENABLE_HARDENED_RUNTIME = YES;
				GENERATE_INFOPLIST_FILE = YES;
				INFOPLIST_KEY_CFBundleDisplayName = "Ah, push it";
				INFOPLIST_KEY_LSApplicationCategoryType = "public.app-category.utilities";
				INFOPLIST_KEY_LSUIElement = YES;
				INFOPLIST_KEY_NSHumanReadableCopyright = "";
				MARKETING_VERSION = 1.0;
				PRODUCT_BUNDLE_IDENTIFIER = com.jordiboehme.AhPushIt;
				PRODUCT_NAME = "$(TARGET_NAME)";
				SWIFT_EMIT_LOC_STRINGS = YES;
				SWIFT_VERSION = 5.0;
			};
			name = Release;
		};
/* End XCBuildConfiguration section */

/* Begin XCConfigurationList section */
		A10008001 /* Build configuration list for PBXNativeTarget "AhPushIt" */ = {
			isa = XCConfigurationList;
			buildConfigurations = (
				A10010003 /* Debug */,
				A10010004 /* Release */,
			);
			defaultConfigurationIsVisible = 0;
			defaultConfigurationName = Release;
		};
		A10008003 /* Build configuration list for PBXProject "AhPushIt" */ = {
			isa = XCConfigurationList;
			buildConfigurations = (
				A10010001 /* Debug */,
				A10010002 /* Release */,
			);
			defaultConfigurationIsVisible = 0;
			defaultConfigurationName = Release;
		};
/* End XCConfigurationList section */
	};
	rootObject = A10009001 /* Project object */;
}
